
Microsoft Visual Studio Solution File, Format Version 12.00
# Visual Studio Version 17
VisualStudioVersion = 17.1.32421.90
MinimumVisualStudioVersion = 10.0.40219.1
Project("{FAE04EC0-301F-11D3-BF4B-00C04F79EFBC}") = "MakerBook", "MakerBook\MakerBook.csproj", "{7C739F0F-DE27-4FFF-9B86-A8F92854F319}"
EndProject
Global
	GlobalSection(SolutionConfigurationPlatforms) = preSolution
		Debug|Any CPU = Debug|Any CPU
		Release|Any CPU = Release|Any CPU
	EndGlobalSection
	GlobalSection(ProjectConfigurationPlatforms) = postSolution
		{7C739F0F-DE27-4FFF-9B86-A8F92854F319}.Debug|Any CPU.ActiveCfg = Debug|Any CPU
		{7C739F0F-DE27-4FFF-9B86-A8F92854F319}.Debug|Any CPU.Build.0 = Debug|Any CPU
		{7C739F0F-DE27-4FFF-9B86-A8F92854F319}.Release|Any CPU.ActiveCfg = Release|Any CPU
		{7C739F0F-DE27-4FFF-9B86-A8F92854F319}.Release|Any CPU.Build.0 = Release|Any CPU
	EndGlobalSection
	GlobalSection(SolutionProperties) = preSolution
		HideSolutionNode = FALSE
	EndGlobalSection
	GlobalSection(ExtensibilityGlobals) = postSolution
		SolutionGuid = {06738C62-4527-4D10-A6BC-400C07564331}
	EndGlobalSection
EndGlobal
